
Microsoft Visual Studio Solution File, Format Version 12.00
# Visual Studio Version 16
VisualStudioVersion = 16.0.30002.166
MinimumVisualStudioVersion = 10.0.40219.1
Project("{FAE04EC0-301F-11D3-BF4B-00C04F79EFBC}") = "SalonHappiness", "SalonHappiness\SalonHappiness.csproj", "{5101AA5B-D811-4093-83E4-22B58D620878}"
EndProject
Global
	GlobalSection(SolutionConfigurationPlatforms) = preSolution
		Debug|Any CPU = Debug|Any CPU
		Release|Any CPU = Release|Any CPU
	EndGlobalSection
	GlobalSection(ProjectConfigurationPlatforms) = postSolution
		{5101AA5B-D811-4093-83E4-22B58D620878}.Debug|Any CPU.ActiveCfg = Debug|Any CPU
		{5101AA5B-D811-4093-83E4-22B58D620878}.Debug|Any CPU.Build.0 = Debug|Any CPU
		{5101AA5B-D811-4093-83E4-22B58D620878}.Release|Any CPU.ActiveCfg = Release|Any CPU
		{5101AA5B-D811-4093-83E4-22B58D620878}.Release|Any CPU.Build.0 = Release|Any CPU
	EndGlobalSection
	GlobalSection(SolutionProperties) = preSolution
		HideSolutionNode = FALSE
	EndGlobalSection
	GlobalSection(ExtensibilityGlobals) = postSolution
		SolutionGuid = {95433D4C-BE6D-4C9C-A247-1B0C22BEF4D3}
	EndGlobalSection
EndGlobal
